
Microsoft Visual Studio Solution File, Format Version 12.00
Project("{F2A71F9B-5D33-465A-A702-920D77279786}") = "Integrity", "Integrity\Integrity.fsproj", "{8CD2D930-0A0D-493D-80A9-C59259847265}"
EndProject
Global
	GlobalSection(SolutionConfigurationPlatforms) = preSolution
		Debug|Any CPU = Debug|Any CPU
		Release|Any CPU = Release|Any CPU
	EndGlobalSection
	GlobalSection(ProjectConfigurationPlatforms) = postSolution
		{8CD2D930-0A0D-493D-80A9-C59259847265}.Debug|Any CPU.ActiveCfg = Debug|Any CPU
		{8CD2D930-0A0D-493D-80A9-C59259847265}.Debug|Any CPU.Build.0 = Debug|Any CPU
		{8CD2D930-0A0D-493D-80A9-C59259847265}.Release|Any CPU.ActiveCfg = Release|Any CPU
		{8CD2D930-0A0D-493D-80A9-C59259847265}.Release|Any CPU.Build.0 = Release|Any CPU
	EndGlobalSection
EndGlobal
